// !$*UTF8*$!
{
	archiveVersion = 1;
	classes = {
	};
	objectVersion = 48;
	objects = {

/* Begin PBXBuildFile section */
		F4FB9B9C1EE60C56005A0BFD /* AppDelegate.swift in Sources */ = {isa = PBXBuildFile; fileRef = F4FB9B9B1EE60C56005A0BFD /* AppDelegate.swift */; };
		F4FB9B9E1EE60C56005A0BFD /* ViewController.swift in Sources */ = {isa = PBXBuildFile; fileRef = F4FB9B9D1EE60C56005A0BFD /* ViewController.swift */; };
		F4FB9BA11EE60C56005A0BFD /* Main.storyboard in Resources */ = {isa = PBXBuildFile; fileRef = F4FB9B9F1EE60C56005A0BFD /* Main.storyboard */; };
		F4FB9BA31EE60C56005A0BFD /* Assets.xcassets in Resources */ = {isa = PBXBuildFile; fileRef = F4FB9BA21EE60C56005A0BFD /* Assets.xcassets */; };
		F4FB9BA61EE60C56005A0BFD /* LaunchScreen.storyboard in Resources */ = {isa = PBXBuildFile; fileRef = F4FB9BA41EE60C56005A0BFD /* LaunchScreen.storyboard */; };
		F4FB9BB11EE60C56005A0BFD /* BatViewUITests.swift in Sources */ = {isa = PBXBuildFile; fileRef = F4FB9BB01EE60C56005A0BFD /* BatViewUITests.swift */; };
		F4FB9BB61EE60C56005A0BFD /* BatView WatchKit App.app in Embed Watch Content */ = {isa = PBXBuildFile; fileRef = F4FB9BB51EE60C56005A0BFD /* BatView WatchKit App.app */; };
		F4FB9BBC1EE60C56005A0BFD /* Interface.storyboard in Resources */ = {isa = PBXBuildFile; fileRef = F4FB9BBA1EE60C56005A0BFD /* Interface.storyboard */; };
		F4FB9BBE1EE60C56005A0BFD /* Assets.xcassets in Resources */ = {isa = PBXBuildFile; fileRef = F4FB9BBD1EE60C56005A0BFD /* Assets.xcassets */; };
		F4FB9BC51EE60C56005A0BFD /* BatView WatchKit Extension.appex in Embed App Extensions */ = {isa = PBXBuildFile; fileRef = F4FB9BC41EE60C56005A0BFD /* BatView WatchKit Extension.appex */; settings = {ATTRIBUTES = (RemoveHeadersOnCopy, ); }; };
		F4FB9BCA1EE60C56005A0BFD /* InterfaceController.swift in Sources */ = {isa = PBXBuildFile; fileRef = F4FB9BC91EE60C56005A0BFD /* InterfaceController.swift */; };
		F4FB9BCC1EE60C56005A0BFD /* ExtensionDelegate.swift in Sources */ = {isa = PBXBuildFile; fileRef = F4FB9BCB1EE60C56005A0BFD /* ExtensionDelegate.swift */; };
		F4FB9BCE1EE60C56005A0BFD /* NotificationController.swift in Sources */ = {isa = PBXBuildFile; fileRef = F4FB9BCD1EE60C56005A0BFD /* NotificationController.swift */; };
		F4FB9BD01EE60C56005A0BFD /* ComplicationController.swift in Sources */ = {isa = PBXBuildFile; fileRef = F4FB9BCF1EE60C56005A0BFD /* ComplicationController.swift */; };
		F4FB9BD21EE60C56005A0BFD /* Assets.xcassets in Resources */ = {isa = PBXBuildFile; fileRef = F4FB9BD11EE60C56005A0BFD /* Assets.xcassets */; };
/* End PBXBuildFile section */

/* Begin PBXContainerItemProxy section */
		F4FB9BAD1EE60C56005A0BFD /* PBXContainerItemProxy */ = {
			isa = PBXContainerItemProxy;
			containerPortal = F4FB9B901EE60C56005A0BFD /* Project object */;
			proxyType = 1;
			remoteGlobalIDString = F4FB9B971EE60C56005A0BFD;
			remoteInfo = BatView;
		};
		F4FB9BB71EE60C56005A0BFD /* PBXContainerItemProxy */ = {
			isa = PBXContainerItemProxy;
			containerPortal = F4FB9B901EE60C56005A0BFD /* Project object */;
			proxyType = 1;
			remoteGlobalIDString = F4FB9BB41EE60C56005A0BFD;
			remoteInfo = "BatView WatchKit App";
		};
		F4FB9BC61EE60C56005A0BFD /* PBXContainerItemProxy */ = {
			isa = PBXContainerItemProxy;
			containerPortal = F4FB9B901EE60C56005A0BFD /* Project object */;
			proxyType = 1;
			remoteGlobalIDString = F4FB9BC31EE60C56005A0BFD;
			remoteInfo = "BatView WatchKit Extension";
		};
/* End PBXContainerItemProxy section */

/* Begin PBXCopyFilesBuildPhase section */
		F4FB9BDA1EE60C56005A0BFD /* Embed App Extensions */ = {
			isa = PBXCopyFilesBuildPhase;
			buildActionMask = 2147483647;
			dstPath = "";
			dstSubfolderSpec = 13;
			files = (
				F4FB9BC51EE60C56005A0BFD /* BatView WatchKit Extension.appex in Embed App Extensions */,
			);
			name = "Embed App Extensions";
			runOnlyForDeploymentPostprocessing = 0;
		};
		F4FB9BDE1EE60C56005A0BFD /* Embed Watch Content */ = {
			isa = PBXCopyFilesBuildPhase;
			buildActionMask = 2147483647;
			dstPath = "$(CONTENTS_FOLDER_PATH)/Watch";
			dstSubfolderSpec = 16;
			files = (
				F4FB9BB61EE60C56005A0BFD /* BatView WatchKit App.app in Embed Watch Content */,
			);
			name = "Embed Watch Content";
			runOnlyForDeploymentPostprocessing = 0;
		};
/* End PBXCopyFilesBuildPhase section */

/* Begin PBXFileReference section */
		F4FB9B981EE60C56005A0BFD /* BatView.app */ = {isa = PBXFileReference; explicitFileType = wrapper.application; includeInIndex = 0; path = BatView.app; sourceTree = BUILT_PRODUCTS_DIR; };
		F4FB9B9B1EE60C56005A0BFD /* AppDelegate.swift */ = {isa = PBXFileReference; lastKnownFileType = sourcecode.swift; path = AppDelegate.swift; sourceTree = "<group>"; };
		F4FB9B9D1EE60C56005A0BFD /* ViewController.swift */ = {isa = PBXFileReference; lastKnownFileType = sourcecode.swift; path = ViewController.swift; sourceTree = "<group>"; };
		F4FB9BA01EE60C56005A0BFD /* Base */ = {isa = PBXFileReference; lastKnownFileType = file.storyboard; name = Base; path = Base.lproj/Main.storyboard; sourceTree = "<group>"; };
		F4FB9BA21EE60C56005A0BFD /* Assets.xcassets */ = {isa = PBXFileReference; lastKnownFileType = folder.assetcatalog; path = Assets.xcassets; sourceTree = "<group>"; };
		F4FB9BA51EE60C56005A0BFD /* Base */ = {isa = PBXFileReference; lastKnownFileType = file.storyboard; name = Base; path = Base.lproj/LaunchScreen.storyboard; sourceTree = "<group>"; };
		F4FB9BA71EE60C56005A0BFD /* Info.plist */ = {isa = PBXFileReference; lastKnownFileType = text.plist.xml; path = Info.plist; sourceTree = "<group>"; };
		F4FB9BAC1EE60C56005A0BFD /* BatViewUITests.xctest */ = {isa = PBXFileReference; explicitFileType = wrapper.cfbundle; includeInIndex = 0; path = BatViewUITests.xctest; sourceTree = BUILT_PRODUCTS_DIR; };
		F4FB9BB01EE60C56005A0BFD /* BatViewUITests.swift */ = {isa = PBXFileReference; lastKnownFileType = sourcecode.swift; path = BatViewUITests.swift; sourceTree = "<group>"; };
		F4FB9BB21EE60C56005A0BFD /* Info.plist */ = {isa = PBXFileReference; lastKnownFileType = text.plist.xml; path = Info.plist; sourceTree = "<group>"; };
		F4FB9BB51EE60C56005A0BFD /* BatView WatchKit App.app */ = {isa = PBXFileReference; explicitFileType = wrapper.application; includeInIndex = 0; path = "BatView WatchKit App.app"; sourceTree = BUILT_PRODUCTS_DIR; };
		F4FB9BBB1EE60C56005A0BFD /* Base */ = {isa = PBXFileReference; lastKnownFileType = file.storyboard; name = Base; path = Base.lproj/Interface.storyboard; sourceTree = "<group>"; };
		F4FB9BBD1EE60C56005A0BFD /* Assets.xcassets */ = {isa = PBXFileReference; lastKnownFileType = folder.assetcatalog; path = Assets.xcassets; sourceTree = "<group>"; };
		F4FB9BBF1EE60C56005A0BFD /* Info.plist */ = {isa = PBXFileReference; lastKnownFileType = text.plist.xml; path = Info.plist; sourceTree = "<group>"; };
		F4FB9BC41EE60C56005A0BFD /* BatView WatchKit Extension.appex */ = {isa = PBXFileReference; explicitFileType = "wrapper.app-extension"; includeInIndex = 0; path = "BatView WatchKit Extension.appex"; sourceTree = BUILT_PRODUCTS_DIR; };
		F4FB9BC91EE60C56005A0BFD /* InterfaceController.swift */ = {isa = PBXFileReference; lastKnownFileType = sourcecode.swift; path = InterfaceController.swift; sourceTree = "<group>"; };
		F4FB9BCB1EE60C56005A0BFD /* ExtensionDelegate.swift */ = {isa = PBXFileReference; lastKnownFileType = sourcecode.swift; path = ExtensionDelegate.swift; sourceTree = "<group>"; };
		F4FB9BCD1EE60C56005A0BFD /* NotificationController.swift */ = {isa = PBXFileReference; lastKnownFileType = sourcecode.swift; path = NotificationController.swift; sourceTree = "<group>"; };
		F4FB9BCF1EE60C56005A0BFD /* ComplicationController.swift */ = {isa = PBXFileReference; lastKnownFileType = sourcecode.swift; path = ComplicationController.swift; sourceTree = "<group>"; };
		F4FB9BD11EE60C56005A0BFD /* Assets.xcassets */ = {isa = PBXFileReference; lastKnownFileType = folder.assetcatalog; path = Assets.xcassets; sourceTree = "<group>"; };
		F4FB9BD31EE60C56005A0BFD /* Info.plist */ = {isa = PBXFileReference; lastKnownFileType = text.plist.xml; path = Info.plist; sourceTree = "<group>"; };
		F4FB9BD41EE60C56005A0BFD /* PushNotificationPayload.apns */ = {isa = PBXFileReference; lastKnownFileType = text; path = PushNotificationPayload.apns; sourceTree = "<group>"; };
/* End PBXFileReference section */

/* Begin PBXFrameworksBuildPhase section */
		F4FB9B951EE60C56005A0BFD /* Frameworks */ = {
			isa = PBXFrameworksBuildPhase;
			buildActionMask = 2147483647;
			files = (
			);
			runOnlyForDeploymentPostprocessing = 0;
		};
		F4FB9BA91EE60C56005A0BFD /* Frameworks */ = {
			isa = PBXFrameworksBuildPhase;
			buildActionMask = 2147483647;
			files = (
			);
			runOnlyForDeploymentPostprocessing = 0;
		};
		F4FB9BC11EE60C56005A0BFD /* Frameworks */ = {
			isa = PBXFrameworksBuildPhase;
			buildActionMask = 2147483647;
			files = (
			);
			runOnlyForDeploymentPostprocessing = 0;
		};
/* End PBXFrameworksBuildPhase section */

/* Begin PBXGroup section */
		F4FB9B8F1EE60C56005A0BFD = {
			isa = PBXGroup;
			children = (
				F4FB9B9A1EE60C56005A0BFD /* BatView */,
				F4FB9BAF1EE60C56005A0BFD /* BatViewUITests */,
				F4FB9BB91EE60C56005A0BFD /* BatView WatchKit App */,
				F4FB9BC81EE60C56005A0BFD /* BatView WatchKit Extension */,
				F4FB9B991EE60C56005A0BFD /* Products */,
			);
			sourceTree = "<group>";
		};
		F4FB9B991EE60C56005A0BFD /* Products */ = {
			isa = PBXGroup;
			children = (
				F4FB9B981EE60C56005A0BFD /* BatView.app */,
				F4FB9BAC1EE60C56005A0BFD /* BatViewUITests.xctest */,
				F4FB9BB51EE60C56005A0BFD /* BatView WatchKit App.app */,
				F4FB9BC41EE60C56005A0BFD /* BatView WatchKit Extension.appex */,
			);
			name = Products;
			sourceTree = "<group>";
		};
		F4FB9B9A1EE60C56005A0BFD /* BatView */ = {
			isa = PBXGroup;
			children = (
				F4FB9B9B1EE60C56005A0BFD /* AppDelegate.swift */,
				F4FB9B9D1EE60C56005A0BFD /* ViewController.swift */,
				F4FB9B9F1EE60C56005A0BFD /* Main.storyboard */,
				F4FB9BA21EE60C56005A0BFD /* Assets.xcassets */,
				F4FB9BA41EE60C56005A0BFD /* LaunchScreen.storyboard */,
				F4FB9BA71EE60C56005A0BFD /* Info.plist */,
			);
			path = BatView;
			sourceTree = "<group>";
		};
		F4FB9BAF1EE60C56005A0BFD /* BatViewUITests */ = {
			isa = PBXGroup;
			children = (
				F4FB9BB01EE60C56005A0BFD /* BatViewUITests.swift */,
				F4FB9BB21EE60C56005A0BFD /* Info.plist */,
			);
			path = BatViewUITests;
			sourceTree = "<group>";
		};
		F4FB9BB91EE60C56005A0BFD /* BatView WatchKit App */ = {
			isa = PBXGroup;
			children = (
				F4FB9BBA1EE60C56005A0BFD /* Interface.storyboard */,
				F4FB9BBD1EE60C56005A0BFD /* Assets.xcassets */,
				F4FB9BBF1EE60C56005A0BFD /* Info.plist */,
			);
			path = "BatView WatchKit App";
			sourceTree = "<group>";
		};
		F4FB9BC81EE60C56005A0BFD /* BatView WatchKit Extension */ = {
			isa = PBXGroup;
			children = (
				F4FB9BC91EE60C56005A0BFD /* InterfaceController.swift */,
				F4FB9BCB1EE60C56005A0BFD /* ExtensionDelegate.swift */,
				F4FB9BCD1EE60C56005A0BFD /* NotificationController.swift */,
				F4FB9BCF1EE60C56005A0BFD /* ComplicationController.swift */,
				F4FB9BD11EE60C56005A0BFD /* Assets.xcassets */,
				F4FB9BD31EE60C56005A0BFD /* Info.plist */,
				F4FB9BD41EE60C56005A0BFD /* PushNotificationPayload.apns */,
			);
			path = "BatView WatchKit Extension";
			sourceTree = "<group>";
		};
/* End PBXGroup section */

/* Begin PBXNativeTarget section */
		F4FB9B971EE60C56005A0BFD /* BatView */ = {
			isa = PBXNativeTarget;
			buildConfigurationList = F4FB9BDF1EE60C56005A0BFD /* Build configuration list for PBXNativeTarget "BatView" */;
			buildPhases = (
				F4FB9B941EE60C56005A0BFD /* Sources */,
				F4FB9B951EE60C56005A0BFD /* Frameworks */,
				F4FB9B961EE60C56005A0BFD /* Resources */,
				F4FB9BDE1EE60C56005A0BFD /* Embed Watch Content */,
			);
			buildRules = (
			);
			dependencies = (
				F4FB9BB81EE60C56005A0BFD /* PBXTargetDependency */,
			);
			name = BatView;
			productName = BatView;
			productReference = F4FB9B981EE60C56005A0BFD /* BatView.app */;
			productType = "com.apple.product-type.application";
		};
		F4FB9BAB1EE60C56005A0BFD /* BatViewUITests */ = {
			isa = PBXNativeTarget;
			buildConfigurationList = F4FB9BE21EE60C56005A0BFD /* Build configuration list for PBXNativeTarget "BatViewUITests" */;
			buildPhases = (
				F4FB9BA81EE60C56005A0BFD /* Sources */,
				F4FB9BA91EE60C56005A0BFD /* Frameworks */,
				F4FB9BAA1EE60C56005A0BFD /* Resources */,
			);
			buildRules = (
			);
			dependencies = (
				F4FB9BAE1EE60C56005A0BFD /* PBXTargetDependency */,
			);
			name = BatViewUITests;
			productName = BatViewUITests;
			productReference = F4FB9BAC1EE60C56005A0BFD /* BatViewUITests.xctest */;
			productType = "com.apple.product-type.bundle.ui-testing";
		};
		F4FB9BB41EE60C56005A0BFD /* BatView WatchKit App */ = {
			isa = PBXNativeTarget;
			buildConfigurationList = F4FB9BDB1EE60C56005A0BFD /* Build configuration list for PBXNativeTarget "BatView WatchKit App" */;
			buildPhases = (
				F4FB9BB31EE60C56005A0BFD /* Resources */,
				F4FB9BDA1EE60C56005A0BFD /* Embed App Extensions */,
			);
			buildRules = (
			);
			dependencies = (
				F4FB9BC71EE60C56005A0BFD /* PBXTargetDependency */,
			);
			name = "BatView WatchKit App";
			productName = "BatView WatchKit App";
			productReference = F4FB9BB51EE60C56005A0BFD /* BatView WatchKit App.app */;
			productType = "com.apple.product-type.application.watchapp2";
		};
		F4FB9BC31EE60C56005A0BFD /* BatView WatchKit Extension */ = {
			isa = PBXNativeTarget;
			buildConfigurationList = F4FB9BD71EE60C56005A0BFD /* Build configuration list for PBXNativeTarget "BatView WatchKit Extension" */;
			buildPhases = (
				F4FB9BC01EE60C56005A0BFD /* Sources */,
				F4FB9BC11EE60C56005A0BFD /* Frameworks */,
				F4FB9BC21EE60C56005A0BFD /* Resources */,
			);
			buildRules = (
			);
			dependencies = (
			);
			name = "BatView WatchKit Extension";
			productName = "BatView WatchKit Extension";
			productReference = F4FB9BC41EE60C56005A0BFD /* BatView WatchKit Extension.appex */;
			productType = "com.apple.product-type.watchkit2-extension";
		};
/* End PBXNativeTarget section */

/* Begin PBXProject section */
		F4FB9B901EE60C56005A0BFD /* Project object */ = {
			isa = PBXProject;
			attributes = {
				LastSwiftUpdateCheck = 0900;
				LastUpgradeCheck = 0900;
				ORGANIZATIONNAME = "Simon Edwardes";
				TargetAttributes = {
					F4FB9B971EE60C56005A0BFD = {
						CreatedOnToolsVersion = 9.0;
					};
					F4FB9BAB1EE60C56005A0BFD = {
						CreatedOnToolsVersion = 9.0;
						TestTargetID = F4FB9B971EE60C56005A0BFD;
					};
					F4FB9BB41EE60C56005A0BFD = {
						CreatedOnToolsVersion = 9.0;
					};
					F4FB9BC31EE60C56005A0BFD = {
						CreatedOnToolsVersion = 9.0;
					};
				};
			};
			buildConfigurationList = F4FB9B931EE60C56005A0BFD /* Build configuration list for PBXProject "BatView" */;
			compatibilityVersion = "Xcode 8.0";
			developmentRegion = en;
			hasScannedForEncodings = 0;
			knownRegions = (
				en,
				Base,
			);
			mainGroup = F4FB9B8F1EE60C56005A0BFD;
			productRefGroup = F4FB9B991EE60C56005A0BFD /* Products */;
			projectDirPath = "";
			projectRoot = "";
			targets = (
				F4FB9B971EE60C56005A0BFD /* BatView */,
				F4FB9BAB1EE60C56005A0BFD /* BatViewUITests */,
				F4FB9BB41EE60C56005A0BFD /* BatView WatchKit App */,
				F4FB9BC31EE60C56005A0BFD /* BatView WatchKit Extension */,
			);
		};
/* End PBXProject section */

/* Begin PBXResourcesBuildPhase section */
		F4FB9B961EE60C56005A0BFD /* Resources */ = {
			isa = PBXResourcesBuildPhase;
			buildActionMask = 2147483647;
			files = (
				F4FB9BA61EE60C56005A0BFD /* LaunchScreen.storyboard in Resources */,
				F4FB9BA31EE60C56005A0BFD /* Assets.xcassets in Resources */,
				F4FB9BA11EE60C56005A0BFD /* Main.storyboard in Resources */,
			);
			runOnlyForDeploymentPostprocessing = 0;
		};
		F4FB9BAA1EE60C56005A0BFD /* Resources */ = {
			isa = PBXResourcesBuildPhase;
			buildActionMask = 2147483647;
			files = (
			);
			runOnlyForDeploymentPostprocessing = 0;
		};
		F4FB9BB31EE60C56005A0BFD /* Resources */ = {
			isa = PBXResourcesBuildPhase;
			buildActionMask = 2147483647;
			files = (
				F4FB9BBE1EE60C56005A0BFD /* Assets.xcassets in Resources */,
				F4FB9BBC1EE60C56005A0BFD /* Interface.storyboard in Resources */,
			);
			runOnlyForDeploymentPostprocessing = 0;
		};
		F4FB9BC21EE60C56005A0BFD /* Resources */ = {
			isa = PBXResourcesBuildPhase;
			buildActionMask = 2147483647;
			files = (
				F4FB9BD21EE60C56005A0BFD /* Assets.xcassets in Resources */,
			);
			runOnlyForDeploymentPostprocessing = 0;
		};
/* End PBXResourcesBuildPhase section */

/* Begin PBXSourcesBuildPhase section */
		F4FB9B941EE60C56005A0BFD /* Sources */ = {
			isa = PBXSourcesBuildPhase;
			buildActionMask = 2147483647;
			files = (
				F4FB9B9E1EE60C56005A0BFD /* ViewController.swift in Sources */,
				F4FB9B9C1EE60C56005A0BFD /* AppDelegate.swift in Sources */,
			);
			runOnlyForDeploymentPostprocessing = 0;
		};
		F4FB9BA81EE60C56005A0BFD /* Sources */ = {
			isa = PBXSourcesBuildPhase;
			buildActionMask = 2147483647;
			files = (
				F4FB9BB11EE60C56005A0BFD /* BatViewUITests.swift in Sources */,
			);
			runOnlyForDeploymentPostprocessing = 0;
		};
		F4FB9BC01EE60C56005A0BFD /* Sources */ = {
			isa = PBXSourcesBuildPhase;
			buildActionMask = 2147483647;
			files = (
				F4FB9BCE1EE60C56005A0BFD /* NotificationController.swift in Sources */,
				F4FB9BD01EE60C56005A0BFD /* ComplicationController.swift in Sources */,
				F4FB9BCC1EE60C56005A0BFD /* ExtensionDelegate.swift in Sources */,
				F4FB9BCA1EE60C56005A0BFD /* InterfaceController.swift in Sources */,
			);
			runOnlyForDeploymentPostprocessing = 0;
		};
/* End PBXSourcesBuildPhase section */

/* Begin PBXTargetDependency section */
		F4FB9BAE1EE60C56005A0BFD /* PBXTargetDependency */ = {
			isa = PBXTargetDependency;
			target = F4FB9B971EE60C56005A0BFD /* BatView */;
			targetProxy = F4FB9BAD1EE60C56005A0BFD /* PBXContainerItemProxy */;
		};
		F4FB9BB81EE60C56005A0BFD /* PBXTargetDependency */ = {
			isa = PBXTargetDependency;
			target = F4FB9BB41EE60C56005A0BFD /* BatView WatchKit App */;
			targetProxy = F4FB9BB71EE60C56005A0BFD /* PBXContainerItemProxy */;
		};
		F4FB9BC71EE60C56005A0BFD /* PBXTargetDependency */ = {
			isa = PBXTargetDependency;
			target = F4FB9BC31EE60C56005A0BFD /* BatView WatchKit Extension */;
			targetProxy = F4FB9BC61EE60C56005A0BFD /* PBXContainerItemProxy */;
		};
/* End PBXTargetDependency section */

/* Begin PBXVariantGroup section */
		F4FB9B9F1EE60C56005A0BFD /* Main.storyboard */ = {
			isa = PBXVariantGroup;
			children = (
				F4FB9BA01EE60C56005A0BFD /* Base */,
			);
			name = Main.storyboard;
			sourceTree = "<group>";
		};
		F4FB9BA41EE60C56005A0BFD /* LaunchScreen.storyboard */ = {
			isa = PBXVariantGroup;
			children = (
				F4FB9BA51EE60C56005A0BFD /* Base */,
			);
			name = LaunchScreen.storyboard;
			sourceTree = "<group>";
		};
		F4FB9BBA1EE60C56005A0BFD /* Interface.storyboard */ = {
			isa = PBXVariantGroup;
			children = (
				F4FB9BBB1EE60C56005A0BFD /* Base */,
			);
			name = Interface.storyboard;
			sourceTree = "<group>";
		};
/* End PBXVariantGroup section */

/* Begin XCBuildConfiguration section */
		F4FB9BD51EE60C56005A0BFD /* Debug */ = {
			isa = XCBuildConfiguration;
			buildSettings = {
				ALWAYS_SEARCH_USER_PATHS = NO;
				CLANG_ANALYZER_NONNULL = YES;
				CLANG_ANALYZER_NUMBER_OBJECT_CONVERSION = YES_AGGRESSIVE;
				CLANG_CXX_LANGUAGE_STANDARD = "gnu++14";
				CLANG_CXX_LIBRARY = "libc++";
				CLANG_ENABLE_MODULES = YES;
				CLANG_ENABLE_OBJC_ARC = YES;
				CLANG_WARN_BLOCK_CAPTURE_AUTORELEASING = YES;
				CLANG_WARN_BOOL_CONVERSION = YES;
				CLANG_WARN_COMMA = YES;
				CLANG_WARN_CONSTANT_CONVERSION = YES;
				CLANG_WARN_DIRECT_OBJC_ISA_USAGE = YES_ERROR;
				CLANG_WARN_DOCUMENTATION_COMMENTS = YES;
				CLANG_WARN_EMPTY_BODY = YES;
				CLANG_WARN_ENUM_CONVERSION = YES;
				CLANG_WARN_INFINITE_RECURSION = YES;
				CLANG_WARN_INT_CONVERSION = YES;
				CLANG_WARN_OBJC_ROOT_CLASS = YES_ERROR;
				CLANG_WARN_RANGE_LOOP_ANALYSIS = YES;
				CLANG_WARN_STRICT_PROTOTYPES = YES;
				CLANG_WARN_SUSPICIOUS_MOVE = YES;
				CLANG_WARN_UNGUARDED_AVAILABILITY = YES_AGGRESSIVE;
				CLANG_WARN_UNREACHABLE_CODE = YES;
				CLANG_WARN__DUPLICATE_METHOD_MATCH = YES;
				CODE_SIGN_IDENTITY = "iPhone Developer";
				COPY_PHASE_STRIP = NO;
				DEBUG_INFORMATION_FORMAT = dwarf;
				ENABLE_STRICT_OBJC_MSGSEND = YES;
				ENABLE_TESTABILITY = YES;
				GCC_C_LANGUAGE_STANDARD = gnu11;
				GCC_DYNAMIC_NO_PIC = NO;
				GCC_NO_COMMON_BLOCKS = YES;
				GCC_OPTIMIZATION_LEVEL = 0;
				GCC_PREPROCESSOR_DEFINITIONS = (
					"DEBUG=1",
					"$(inherited)",
				);
				GCC_WARN_64_TO_32_BIT_CONVERSION = YES;
				GCC_WARN_ABOUT_RETURN_TYPE = YES_ERROR;
				GCC_WARN_UNDECLARED_SELECTOR = YES;
				GCC_WARN_UNINITIALIZED_AUTOS = YES_AGGRESSIVE;
				GCC_WARN_UNUSED_FUNCTION = YES;
				GCC_WARN_UNUSED_VARIABLE = YES;
				IPHONEOS_DEPLOYMENT_TARGET = 11.0;
				MTL_ENABLE_DEBUG_INFO = YES;
				ONLY_ACTIVE_ARCH = YES;
				SDKROOT = iphoneos;
				SWIFT_ACTIVE_COMPILATION_CONDITIONS = DEBUG;
				SWIFT_OPTIMIZATION_LEVEL = "-Onone";
			};
			name = Debug;
		};
		F4FB9BD61EE60C56005A0BFD /* Release */ = {
			isa = XCBuildConfiguration;
			buildSettings = {
				ALWAYS_SEARCH_USER_PATHS = NO;
				CLANG_ANALYZER_NONNULL = YES;
				CLANG_ANALYZER_NUMBER_OBJECT_CONVERSION = YES_AGGRESSIVE;
				CLANG_CXX_LANGUAGE_STANDARD = "gnu++14";
				CLANG_CXX_LIBRARY = "libc++";
				CLANG_ENABLE_MODULES = YES;
				CLANG_ENABLE_OBJC_ARC = YES;
				CLANG_WARN_BLOCK_CAPTURE_AUTORELEASING = YES;
				CLANG_WARN_BOOL_CONVERSION = YES;
				CLANG_WARN_COMMA = YES;
				CLANG_WARN_CONSTANT_CONVERSION = YES;
				CLANG_WARN_DIRECT_OBJC_ISA_USAGE = YES_ERROR;
				CLANG_WARN_DOCUMENTATION_COMMENTS = YES;
				CLANG_WARN_EMPTY_BODY = YES;
				CLANG_WARN_ENUM_CONVERSION = YES;
				CLANG_WARN_INFINITE_RECURSION = YES;
				CLANG_WARN_INT_CONVERSION = YES;
				CLANG_WARN_OBJC_ROOT_CLASS = YES_ERROR;
				CLANG_WARN_RANGE_LOOP_ANALYSIS = YES;
				CLANG_WARN_STRICT_PROTOTYPES = YES;
				CLANG_WARN_SUSPICIOUS_MOVE = YES;
				CLANG_WARN_UNGUARDED_AVAILABILITY = YES_AGGRESSIVE;
				CLANG_WARN_UNREACHABLE_CODE = YES;
				CLANG_WARN__DUPLICATE_METHOD_MATCH = YES;
				CODE_SIGN_IDENTITY = "iPhone Developer";
				COPY_PHASE_STRIP = NO;
				DEBUG_INFORMATION_FORMAT = "dwarf-with-dsym";
				ENABLE_NS_ASSERTIONS = NO;
				ENABLE_STRICT_OBJC_MSGSEND = YES;
				GCC_C_LANGUAGE_STANDARD = gnu11;
				GCC_NO_COMMON_BLOCKS = YES;
				GCC_WARN_64_TO_32_BIT_CONVERSION = YES;
				GCC_WARN_ABOUT_RETURN_TYPE = YES_ERROR;
				GCC_WARN_UNDECLARED_SELECTOR = YES;
				GCC_WARN_UNINITIALIZED_AUTOS = YES_AGGRESSIVE;
				GCC_WARN_UNUSED_FUNCTION = YES;
				GCC_WARN_UNUSED_VARIABLE = YES;
				IPHONEOS_DEPLOYMENT_TARGET = 11.0;
				MTL_ENABLE_DEBUG_INFO = NO;
				SDKROOT = iphoneos;
				SWIFT_OPTIMIZATION_LEVEL = "-Owholemodule";
				VALIDATE_PRODUCT = YES;
			};
			name = Release;
		};
		F4FB9BD81EE60C56005A0BFD /* Debug */ = {
			isa = XCBuildConfiguration;
			buildSettings = {
				ASSETCATALOG_COMPILER_COMPLICATION_NAME = Complication;
				DEVELOPMENT_TEAM = KSDBNL5L3K;
				INFOPLIST_FILE = "BatView WatchKit Extension/Info.plist";
				LD_RUNPATH_SEARCH_PATHS = "$(inherited) @executable_path/Frameworks @executable_path/../../Frameworks";
				PRODUCT_BUNDLE_IDENTIFIER = sim.BatView.watchkitapp.watchkitextension;
				PRODUCT_NAME = "${TARGET_NAME}";
				SDKROOT = watchos;
				SKIP_INSTALL = YES;
				SWIFT_VERSION = 4.0;
				TARGETED_DEVICE_FAMILY = 4;
				WATCHOS_DEPLOYMENT_TARGET = 4.0;
			};
			name = Debug;
		};
		F4FB9BD91EE60C56005A0BFD /* Release */ = {
			isa = XCBuildConfiguration;
			buildSettings = {
				ASSETCATALOG_COMPILER_COMPLICATION_NAME = Complication;
				DEVELOPMENT_TEAM = KSDBNL5L3K;
				INFOPLIST_FILE = "BatView WatchKit Extension/Info.plist";
				LD_RUNPATH_SEARCH_PATHS = "$(inherited) @executable_path/Frameworks @executable_path/../../Frameworks";
				PRODUCT_BUNDLE_IDENTIFIER = sim.BatView.watchkitapp.watchkitextension;
				PRODUCT_NAME = "${TARGET_NAME}";
				SDKROOT = watchos;
				SKIP_INSTALL = YES;
				SWIFT_VERSION = 4.0;
				TARGETED_DEVICE_FAMILY = 4;
				WATCHOS_DEPLOYMENT_TARGET = 4.0;
			};
			name = Release;
		};
		F4FB9BDC1EE60C56005A0BFD /* Debug */ = {
			isa = XCBuildConfiguration;
			buildSettings = {
				ALWAYS_EMBED_SWIFT_STANDARD_LIBRARIES = YES;
				ASSETCATALOG_COMPILER_APPICON_NAME = AppIcon;
				DEVELOPMENT_TEAM = KSDBNL5L3K;
				IBSC_MODULE = BatView_WatchKit_Extension;
				INFOPLIST_FILE = "BatView WatchKit App/Info.plist";
				PRODUCT_BUNDLE_IDENTIFIER = sim.BatView.watchkitapp;
				PRODUCT_NAME = "$(TARGET_NAME)";
				SDKROOT = watchos;
				SKIP_INSTALL = YES;
				SWIFT_VERSION = 4.0;
				TARGETED_DEVICE_FAMILY = 4;
				WATCHOS_DEPLOYMENT_TARGET = 4.0;
			};
			name = Debug;
		};
		F4FB9BDD1EE60C56005A0BFD /* Release */ = {
			isa = XCBuildConfiguration;
			buildSettings = {
				ALWAYS_EMBED_SWIFT_STANDARD_LIBRARIES = YES;
				ASSETCATALOG_COMPILER_APPICON_NAME = AppIcon;
				DEVELOPMENT_TEAM = KSDBNL5L3K;
				IBSC_MODULE = BatView_WatchKit_Extension;
				INFOPLIST_FILE = "BatView WatchKit App/Info.plist";
				PRODUCT_BUNDLE_IDENTIFIER = sim.BatView.watchkitapp;
				PRODUCT_NAME = "$(TARGET_NAME)";
				SDKROOT = watchos;
				SKIP_INSTALL = YES;
				SWIFT_VERSION = 4.0;
				TARGETED_DEVICE_FAMILY = 4;
				WATCHOS_DEPLOYMENT_TARGET = 4.0;
			};
			name = Release;
		};
		F4FB9BE01EE60C56005A0BFD /* Debug */ = {
			isa = XCBuildConfiguration;
			buildSettings = {
				ASSETCATALOG_COMPILER_APPICON_NAME = AppIcon;
				DEVELOPMENT_TEAM = KSDBNL5L3K;
				INFOPLIST_FILE = BatView/Info.plist;
				LD_RUNPATH_SEARCH_PATHS = "$(inherited) @executable_path/Frameworks";
				PRODUCT_BUNDLE_IDENTIFIER = sim.BatView;
				PRODUCT_NAME = "$(TARGET_NAME)";
				SWIFT_VERSION = 4.0;
				TARGETED_DEVICE_FAMILY = "1,2";
			};
			name = Debug;
		};
		F4FB9BE11EE60C56005A0BFD /* Release */ = {
			isa = XCBuildConfiguration;
			buildSettings = {
				ASSETCATALOG_COMPILER_APPICON_NAME = AppIcon;
				DEVELOPMENT_TEAM = KSDBNL5L3K;
				INFOPLIST_FILE = BatView/Info.plist;
				LD_RUNPATH_SEARCH_PATHS = "$(inherited) @executable_path/Frameworks";
				PRODUCT_BUNDLE_IDENTIFIER = sim.BatView;
				PRODUCT_NAME = "$(TARGET_NAME)";
				SWIFT_VERSION = 4.0;
				TARGETED_DEVICE_FAMILY = "1,2";
			};
			name = Release;
		};
		F4FB9BE31EE60C56005A0BFD /* Debug */ = {
			isa = XCBuildConfiguration;
			buildSettings = {
				ALWAYS_EMBED_SWIFT_STANDARD_LIBRARIES = YES;
				DEVELOPMENT_TEAM = KSDBNL5L3K;
				INFOPLIST_FILE = BatViewUITests/Info.plist;
				LD_RUNPATH_SEARCH_PATHS = "$(inherited) @executable_path/Frameworks @loader_path/Frameworks";
				PRODUCT_BUNDLE_IDENTIFIER = sim.BatViewUITests;
				PRODUCT_NAME = "$(TARGET_NAME)";
				SWIFT_VERSION = 4.0;
				TARGETED_DEVICE_FAMILY = "1,2";
				TEST_TARGET_NAME = BatView;
			};
			name = Debug;
		};
		F4FB9BE41EE60C56005A0BFD /* Release */ = {
			isa = XCBuildConfiguration;
			buildSettings = {
				ALWAYS_EMBED_SWIFT_STANDARD_LIBRARIES = YES;
				DEVELOPMENT_TEAM = KSDBNL5L3K;
				INFOPLIST_FILE = BatViewUITests/Info.plist;
				LD_RUNPATH_SEARCH_PATHS = "$(inherited) @executable_path/Frameworks @loader_path/Frameworks";
				PRODUCT_BUNDLE_IDENTIFIER = sim.BatViewUITests;
				PRODUCT_NAME = "$(TARGET_NAME)";
				SWIFT_VERSION = 4.0;
				TARGETED_DEVICE_FAMILY = "1,2";
				TEST_TARGET_NAME = BatView;
			};
			name = Release;
		};
/* End XCBuildConfiguration section */

/* Begin XCConfigurationList section */
		F4FB9B931EE60C56005A0BFD /* Build configuration list for PBXProject "BatView" */ = {
			isa = XCConfigurationList;
			buildConfigurations = (
				F4FB9BD51EE60C56005A0BFD /* Debug */,
				F4FB9BD61EE60C56005A0BFD /* Release */,
			);
			defaultConfigurationIsVisible = 0;
			defaultConfigurationName = Release;
		};
		F4FB9BD71EE60C56005A0BFD /* Build configuration list for PBXNativeTarget "BatView WatchKit Extension" */ = {
			isa = XCConfigurationList;
			buildConfigurations = (
				F4FB9BD81EE60C56005A0BFD /* Debug */,
				F4FB9BD91EE60C56005A0BFD /* Release */,
			);
			defaultConfigurationIsVisible = 0;
		};
		F4FB9BDB1EE60C56005A0BFD /* Build configuration list for PBXNativeTarget "BatView WatchKit App" */ = {
			isa = XCConfigurationList;
			buildConfigurations = (
				F4FB9BDC1EE60C56005A0BFD /* Debug */,
				F4FB9BDD1EE60C56005A0BFD /* Release */,
			);
			defaultConfigurationIsVisible = 0;
		};
		F4FB9BDF1EE60C56005A0BFD /* Build configuration list for PBXNativeTarget "BatView" */ = {
			isa = XCConfigurationList;
			buildConfigurations = (
				F4FB9BE01EE60C56005A0BFD /* Debug */,
				F4FB9BE11EE60C56005A0BFD /* Release */,
			);
			defaultConfigurationIsVisible = 0;
		};
		F4FB9BE21EE60C56005A0BFD /* Build configuration list for PBXNativeTarget "BatViewUITests" */ = {
			isa = XCConfigurationList;
			buildConfigurations = (
				F4FB9BE31EE60C56005A0BFD /* Debug */,
				F4FB9BE41EE60C56005A0BFD /* Release */,
			);
			defaultConfigurationIsVisible = 0;
		};
/* End XCConfigurationList section */
	};
	rootObject = F4FB9B901EE60C56005A0BFD /* Project object */;
}
